
Microsoft Visual Studio Solution File, Format Version 12.00
# Visual Studio Version 17
VisualStudioVersion = 17.9.34616.47
MinimumVisualStudioVersion = 10.0.40219.1
Project("{8BC9CEB8-8B4A-11D0-8D11-00A0C91BC942}") = "ParadigmaOOP2", "ParadigmaOOP2.vcxproj", "{47973C50-1235-487E-B221-018F10D36149}"
EndProject
Project("{8BC9CEB8-8B4A-11D0-8D11-00A0C91BC942}") = "NoOverriding", "NoOverriding\NoOverriding.vcxproj", "{B0C0AAB4-E56F-46DD-BB19-6CA59ABC00A7}"
EndProject
Project("{8BC9CEB8-8B4A-11D0-8D11-00A0C91BC942}") = "NoPewarisan", "NoPewarisan\NoPewarisan.vcxproj", "{012D7C30-E6EC-4CA6-89FB-99F3B8AE10CB}"
EndProject
Project("{8BC9CEB8-8B4A-11D0-8D11-00A0C91BC942}") = "Enkapsulasi", "Enkapsulasi\Enkapsulasi.vcxproj", "{F046836C-5224-44BC-92AE-268E3C580DDA}"
EndProject
Project("{8BC9CEB8-8B4A-11D0-8D11-00A0C91BC942}") = "Abstraksi", "Abstraksi\Abstraksi.vcxproj", "{E4C393A6-9A0C-412B-AE09-70B699120C34}"
EndProject
Project("{8BC9CEB8-8B4A-11D0-8D11-00A0C91BC942}") = "AbstraksiHeader", "AbstraksiHeader\AbstraksiHeader.vcxproj", "{D18451A3-BFF8-47F3-B4DC-C417FCBA2234}"
EndProject
Project("{8BC9CEB8-8B4A-11D0-8D11-00A0C91BC942}") = "Multiwaris", "Multiwaris\Multiwaris.vcxproj", "{E1A294D1-17DC-45BD-8B93-DA4211F8E43F}"
EndProject
Project("{8BC9CEB8-8B4A-11D0-8D11-00A0C91BC942}") = "SolveMultiwaris", "SolveMultiwaris\SolveMultiwaris.vcxproj", "{31F1652B-B25A-4527-B67B-F6649B3BD24F}"
EndProject
Global
	GlobalSection(SolutionConfigurationPlatforms) = preSolution
		Debug|x64 = Debug|x64
		Debug|x86 = Debug|x86
		Release|x64 = Release|x64
		Release|x86 = Release|x86
	EndGlobalSection
	GlobalSection(ProjectConfigurationPlatforms) = postSolution
		{47973C50-1235-487E-B221-018F10D36149}.Debug|x64.ActiveCfg = Debug|x64
		{47973C50-1235-487E-B221-018F10D36149}.Debug|x64.Build.0 = Debug|x64
		{47973C50-1235-487E-B221-018F10D36149}.Debug|x86.ActiveCfg = Debug|Win32
		{47973C50-1235-487E-B221-018F10D36149}.Debug|x86.Build.0 = Debug|Win32
		{47973C50-1235-487E-B221-018F10D36149}.Release|x64.ActiveCfg = Release|x64
		{47973C50-1235-487E-B221-018F10D36149}.Release|x64.Build.0 = Release|x64
		{47973C50-1235-487E-B221-018F10D36149}.Release|x86.ActiveCfg = Release|Win32
		{47973C50-1235-487E-B221-018F10D36149}.Release|x86.Build.0 = Release|Win32
		{B0C0AAB4-E56F-46DD-BB19-6CA59ABC00A7}.Debug|x64.ActiveCfg = Debug|x64
		{B0C0AAB4-E56F-46DD-BB19-6CA59ABC00A7}.Debug|x64.Build.0 = Debug|x64
		{B0C0AAB4-E56F-46DD-BB19-6CA59ABC00A7}.Debug|x86.ActiveCfg = Debug|Win32
		{B0C0AAB4-E56F-46DD-BB19-6CA59ABC00A7}.Debug|x86.Build.0 = Debug|Win32
		{B0C0AAB4-E56F-46DD-BB19-6CA59ABC00A7}.Release|x64.ActiveCfg = Release|x64
		{B0C0AAB4-E56F-46DD-BB19-6CA59ABC00A7}.Release|x64.Build.0 = Release|x64
		{B0C0AAB4-E56F-46DD-BB19-6CA59ABC00A7}.Release|x86.ActiveCfg = Release|Win32
		{B0C0AAB4-E56F-46DD-BB19-6CA59ABC00A7}.Release|x86.Build.0 = Release|Win32
		{012D7C30-E6EC-4CA6-89FB-99F3B8AE10CB}.Debug|x64.ActiveCfg = Debug|x64
		{012D7C30-E6EC-4CA6-89FB-99F3B8AE10CB}.Debug|x64.Build.0 = Debug|x64
		{012D7C30-E6EC-4CA6-89FB-99F3B8AE10CB}.Debug|x86.ActiveCfg = Debug|Win32
		{012D7C30-E6EC-4CA6-89FB-99F3B8AE10CB}.Debug|x86.Build.0 = Debug|Win32
		{012D7C30-E6EC-4CA6-89FB-99F3B8AE10CB}.Release|x64.ActiveCfg = Release|x64
		{012D7C30-E6EC-4CA6-89FB-99F3B8AE10CB}.Release|x64.Build.0 = Release|x64
		{012D7C30-E6EC-4CA6-89FB-99F3B8AE10CB}.Release|x86.ActiveCfg = Release|Win32
		{012D7C30-E6EC-4CA6-89FB-99F3B8AE10CB}.Release|x86.Build.0 = Release|Win32
		{F046836C-5224-44BC-92AE-268E3C580DDA}.Debug|x64.ActiveCfg = Debug|x64
		{F046836C-5224-44BC-92AE-268E3C580DDA}.Debug|x64.Build.0 = Debug|x64
		{F046836C-5224-44BC-92AE-268E3C580DDA}.Debug|x86.ActiveCfg = Debug|Win32
		{F046836C-5224-44BC-92AE-268E3C580DDA}.Debug|x86.Build.0 = Debug|Win32
		{F046836C-5224-44BC-92AE-268E3C580DDA}.Release|x64.ActiveCfg = Release|x64
		{F046836C-5224-44BC-92AE-268E3C580DDA}.Release|x64.Build.0 = Release|x64
		{F046836C-5224-44BC-92AE-268E3C580DDA}.Release|x86.ActiveCfg = Release|Win32
		{F046836C-5224-44BC-92AE-268E3C580DDA}.Release|x86.Build.0 = Release|Win32
		{E4C393A6-9A0C-412B-AE09-70B699120C34}.Debug|x64.ActiveCfg = Debug|x64
		{E4C393A6-9A0C-412B-AE09-70B699120C34}.Debug|x64.Build.0 = Debug|x64
		{E4C393A6-9A0C-412B-AE09-70B699120C34}.Debug|x86.ActiveCfg = Debug|Win32
		{E4C393A6-9A0C-412B-AE09-70B699120C34}.Debug|x86.Build.0 = Debug|Win32
		{E4C393A6-9A0C-412B-AE09-70B699120C34}.Release|x64.ActiveCfg = Release|x64
		{E4C393A6-9A0C-412B-AE09-70B699120C34}.Release|x64.Build.0 = Release|x64
		{E4C393A6-9A0C-412B-AE09-70B699120C34}.Release|x86.ActiveCfg = Release|Win32
		{E4C393A6-9A0C-412B-AE09-70B699120C34}.Release|x86.Build.0 = Release|Win32
		{D18451A3-BFF8-47F3-B4DC-C417FCBA2234}.Debug|x64.ActiveCfg = Debug|x64
		{D18451A3-BFF8-47F3-B4DC-C417FCBA2234}.Debug|x64.Build.0 = Debug|x64
		{D18451A3-BFF8-47F3-B4DC-C417FCBA2234}.Debug|x86.ActiveCfg = Debug|Win32
		{D18451A3-BFF8-47F3-B4DC-C417FCBA2234}.Debug|x86.Build.0 = Debug|Win32
		{D18451A3-BFF8-47F3-B4DC-C417FCBA2234}.Release|x64.ActiveCfg = Release|x64
		{D18451A3-BFF8-47F3-B4DC-C417FCBA2234}.Release|x64.Build.0 = Release|x64
		{D18451A3-BFF8-47F3-B4DC-C417FCBA2234}.Release|x86.ActiveCfg = Release|Win32
		{D18451A3-BFF8-47F3-B4DC-C417FCBA2234}.Release|x86.Build.0 = Release|Win32
		{E1A294D1-17DC-45BD-8B93-DA4211F8E43F}.Debug|x64.ActiveCfg = Debug|x64
		{E1A294D1-17DC-45BD-8B93-DA4211F8E43F}.Debug|x64.Build.0 = Debug|x64
		{E1A294D1-17DC-45BD-8B93-DA4211F8E43F}.Debug|x86.ActiveCfg = Debug|Win32
		{E1A294D1-17DC-45BD-8B93-DA4211F8E43F}.Debug|x86.Build.0 = Debug|Win32
		{E1A294D1-17DC-45BD-8B93-DA4211F8E43F}.Release|x64.ActiveCfg = Release|x64
		{E1A294D1-17DC-45BD-8B93-DA4211F8E43F}.Release|x64.Build.0 = Release|x64
		{E1A294D1-17DC-45BD-8B93-DA4211F8E43F}.Release|x86.ActiveCfg = Release|Win32
		{E1A294D1-17DC-45BD-8B93-DA4211F8E43F}.Release|x86.Build.0 = Release|Win32
		{31F1652B-B25A-4527-B67B-F6649B3BD24F}.Debug|x64.ActiveCfg = Debug|x64
		{31F1652B-B25A-4527-B67B-F6649B3BD24F}.Debug|x64.Build.0 = Debug|x64
		{31F1652B-B25A-4527-B67B-F6649B3BD24F}.Debug|x86.ActiveCfg = Debug|Win32
		{31F1652B-B25A-4527-B67B-F6649B3BD24F}.Debug|x86.Build.0 = Debug|Win32
		{31F1652B-B25A-4527-B67B-F6649B3BD24F}.Release|x64.ActiveCfg = Release|x64
		{31F1652B-B25A-4527-B67B-F6649B3BD24F}.Release|x64.Build.0 = Release|x64
		{31F1652B-B25A-4527-B67B-F6649B3BD24F}.Release|x86.ActiveCfg = Release|Win32
		{31F1652B-B25A-4527-B67B-F6649B3BD24F}.Release|x86.Build.0 = Release|Win32
	EndGlobalSection
	GlobalSection(SolutionProperties) = preSolution
		HideSolutionNode = FALSE
	EndGlobalSection
	GlobalSection(ExtensibilityGlobals) = postSolution
		SolutionGuid = {CBBD4D3C-E6D6-4BF5-905A-110F9401C62A}
	EndGlobalSection
EndGlobal
